
Microsoft Visual Studio Solution File, Format Version 12.00
# Visual Studio Version 17
VisualStudioVersion = 17.11.35431.28
MinimumVisualStudioVersion = 10.0.40219.1
Project("{FAE04EC0-301F-11D3-BF4B-00C04F79EFBC}") = "HttpNewsPAT", "HttpNewsPAT\HttpNewsPAT.csproj", "{BBEF48F7-476B-49D6-8870-57EA698835CF}"
EndProject
Global
	GlobalSection(SolutionConfigurationPlatforms) = preSolution
		Debug|Any CPU = Debug|Any CPU
		Release|Any CPU = Release|Any CPU
	EndGlobalSection
	GlobalSection(ProjectConfigurationPlatforms) = postSolution
		{BBEF48F7-476B-49D6-8870-57EA698835CF}.Debug|Any CPU.ActiveCfg = Debug|Any CPU
		{BBEF48F7-476B-49D6-8870-57EA698835CF}.Debug|Any CPU.Build.0 = Debug|Any CPU
		{BBEF48F7-476B-49D6-8870-57EA698835CF}.Release|Any CPU.ActiveCfg = Release|Any CPU
		{BBEF48F7-476B-49D6-8870-57EA698835CF}.Release|Any CPU.Build.0 = Release|Any CPU
	EndGlobalSection
	GlobalSection(SolutionProperties) = preSolution
		HideSolutionNode = FALSE
	EndGlobalSection
	GlobalSection(ExtensibilityGlobals) = postSolution
		SolutionGuid = {831B50B1-359E-4296-BACD-1527EF652B89}
	EndGlobalSection
EndGlobal
